
Microsoft Visual Studio Solution File, Format Version 12.00
# Visual Studio Version 17
VisualStudioVersion = 17.8.34330.188
MinimumVisualStudioVersion = 10.0.40219.1
Project("{FAE04EC0-301F-11D3-BF4B-00C04F79EFBC}") = "practic dos UNIT3", "practic dos UNIT3\practic dos UNIT3.csproj", "{600FBAFE-441D-49A0-AA87-C0F826554D85}"
EndProject
Global
	GlobalSection(SolutionConfigurationPlatforms) = preSolution
		Debug|Any CPU = Debug|Any CPU
		Release|Any CPU = Release|Any CPU
	EndGlobalSection
	GlobalSection(ProjectConfigurationPlatforms) = postSolution
		{600FBAFE-441D-49A0-AA87-C0F826554D85}.Debug|Any CPU.ActiveCfg = Debug|Any CPU
		{600FBAFE-441D-49A0-AA87-C0F826554D85}.Debug|Any CPU.Build.0 = Debug|Any CPU
		{600FBAFE-441D-49A0-AA87-C0F826554D85}.Release|Any CPU.ActiveCfg = Release|Any CPU
		{600FBAFE-441D-49A0-AA87-C0F826554D85}.Release|Any CPU.Build.0 = Release|Any CPU
	EndGlobalSection
	GlobalSection(SolutionProperties) = preSolution
		HideSolutionNode = FALSE
	EndGlobalSection
	GlobalSection(ExtensibilityGlobals) = postSolution
		SolutionGuid = {CEAECFE0-8440-4496-AD8C-69F91A2AE9FC}
	EndGlobalSection
EndGlobal
